// !$*UTF8*$!
{
	archiveVersion = 1;
	classes = {
	};
	objectVersion = 46;
	objects = {

/* Begin PBXBuildFile section */
		288957A91A6F2A3E001D4D0D /* AppDelegate.swift in Sources */ = {isa = PBXBuildFile; fileRef = 288957A81A6F2A3E001D4D0D /* AppDelegate.swift */; };
		288957AC1A6F2A3E001D4D0D /* WhereAmI.xcdatamodeld in Sources */ = {isa = PBXBuildFile; fileRef = 288957AA1A6F2A3E001D4D0D /* WhereAmI.xcdatamodeld */; };
		288957AE1A6F2A3E001D4D0D /* ViewController.swift in Sources */ = {isa = PBXBuildFile; fileRef = 288957AD1A6F2A3E001D4D0D /* ViewController.swift */; };
		288957B11A6F2A3E001D4D0D /* Main.storyboard in Resources */ = {isa = PBXBuildFile; fileRef = 288957AF1A6F2A3E001D4D0D /* Main.storyboard */; };
		288957B31A6F2A3E001D4D0D /* Images.xcassets in Resources */ = {isa = PBXBuildFile; fileRef = 288957B21A6F2A3E001D4D0D /* Images.xcassets */; };
		288957B61A6F2A3E001D4D0D /* LaunchScreen.xib in Resources */ = {isa = PBXBuildFile; fileRef = 288957B41A6F2A3E001D4D0D /* LaunchScreen.xib */; };
		288957C21A6F2A3E001D4D0D /* WhereAmITests.swift in Sources */ = {isa = PBXBuildFile; fileRef = 288957C11A6F2A3E001D4D0D /* WhereAmITests.swift */; };
		288957CC1A6F2A97001D4D0D /* CoreLocation.framework in Frameworks */ = {isa = PBXBuildFile; fileRef = 288957CB1A6F2A97001D4D0D /* CoreLocation.framework */; };
		288957FE1A7077D3001D4D0D /* MapKit.framework in Frameworks */ = {isa = PBXBuildFile; fileRef = 288957FD1A7077D3001D4D0D /* MapKit.framework */; };
		288958001A707A7E001D4D0D /* TableViewController.swift in Sources */ = {isa = PBXBuildFile; fileRef = 288957FF1A707A7E001D4D0D /* TableViewController.swift */; };
/* End PBXBuildFile section */

/* Begin PBXContainerItemProxy section */
		288957BC1A6F2A3E001D4D0D /* PBXContainerItemProxy */ = {
			isa = PBXContainerItemProxy;
			containerPortal = 2889579B1A6F2A3E001D4D0D /* Project object */;
			proxyType = 1;
			remoteGlobalIDString = 288957A21A6F2A3E001D4D0D;
			remoteInfo = WhereAmI;
		};
/* End PBXContainerItemProxy section */

/* Begin PBXFileReference section */
		288957A31A6F2A3E001D4D0D /* WhereAmI.app */ = {isa = PBXFileReference; explicitFileType = wrapper.application; includeInIndex = 0; path = WhereAmI.app; sourceTree = BUILT_PRODUCTS_DIR; };
		288957A71A6F2A3E001D4D0D /* Info.plist */ = {isa = PBXFileReference; lastKnownFileType = text.plist.xml; path = Info.plist; sourceTree = "<group>"; };
		288957A81A6F2A3E001D4D0D /* AppDelegate.swift */ = {isa = PBXFileReference; lastKnownFileType = sourcecode.swift; path = AppDelegate.swift; sourceTree = "<group>"; };
		288957AB1A6F2A3E001D4D0D /* WhereAmI.xcdatamodel */ = {isa = PBXFileReference; lastKnownFileType = wrapper.xcdatamodel; path = WhereAmI.xcdatamodel; sourceTree = "<group>"; };
		288957AD1A6F2A3E001D4D0D /* ViewController.swift */ = {isa = PBXFileReference; lastKnownFileType = sourcecode.swift; path = ViewController.swift; sourceTree = "<group>"; };
		288957B01A6F2A3E001D4D0D /* Base */ = {isa = PBXFileReference; lastKnownFileType = file.storyboard; name = Base; path = Base.lproj/Main.storyboard; sourceTree = "<group>"; };
		288957B21A6F2A3E001D4D0D /* Images.xcassets */ = {isa = PBXFileReference; lastKnownFileType = folder.assetcatalog; path = Images.xcassets; sourceTree = "<group>"; };
		288957B51A6F2A3E001D4D0D /* Base */ = {isa = PBXFileReference; lastKnownFileType = file.xib; name = Base; path = Base.lproj/LaunchScreen.xib; sourceTree = "<group>"; };
		288957BB1A6F2A3E001D4D0D /* WhereAmI.temp_caseinsensitive_rename.temp_caseinsensitive_rename.temp_caseinsensitive_renameTests.xctest */ = {isa = PBXFileReference; explicitFileType = wrapper.cfbundle; includeInIndex = 0; path = WhereAmI.temp_caseinsensitive_rename.temp_caseinsensitive_rename.temp_caseinsensitive_renameTests.xctest; sourceTree = BUILT_PRODUCTS_DIR; };
		288957C01A6F2A3E001D4D0D /* Info.plist */ = {isa = PBXFileReference; lastKnownFileType = text.plist.xml; path = Info.plist; sourceTree = "<group>"; };
		288957C11A6F2A3E001D4D0D /* WhereAmITests.swift */ = {isa = PBXFileReference; lastKnownFileType = sourcecode.swift; path = WhereAmITests.swift; sourceTree = "<group>"; };
		288957CB1A6F2A97001D4D0D /* CoreLocation.framework */ = {isa = PBXFileReference; lastKnownFileType = wrapper.framework; name = CoreLocation.framework; path = System/Library/Frameworks/CoreLocation.framework; sourceTree = SDKROOT; };
		288957FD1A7077D3001D4D0D /* MapKit.framework */ = {isa = PBXFileReference; lastKnownFileType = wrapper.framework; name = MapKit.framework; path = System/Library/Frameworks/MapKit.framework; sourceTree = SDKROOT; };
		288957FF1A707A7E001D4D0D /* TableViewController.swift */ = {isa = PBXFileReference; fileEncoding = 4; lastKnownFileType = sourcecode.swift; path = TableViewController.swift; sourceTree = "<group>"; };
/* End PBXFileReference section */

/* Begin PBXFrameworksBuildPhase section */
		288957A01A6F2A3E001D4D0D /* Frameworks */ = {
			isa = PBXFrameworksBuildPhase;
			buildActionMask = 2147483647;
			files = (
				288957FE1A7077D3001D4D0D /* MapKit.framework in Frameworks */,
				288957CC1A6F2A97001D4D0D /* CoreLocation.framework in Frameworks */,
			);
			runOnlyForDeploymentPostprocessing = 0;
		};
		288957B81A6F2A3E001D4D0D /* Frameworks */ = {
			isa = PBXFrameworksBuildPhase;
			buildActionMask = 2147483647;
			files = (
			);
			runOnlyForDeploymentPostprocessing = 0;
		};
/* End PBXFrameworksBuildPhase section */

/* Begin PBXGroup section */
		2889579A1A6F2A3E001D4D0D = {
			isa = PBXGroup;
			children = (
				288957FD1A7077D3001D4D0D /* MapKit.framework */,
				288957CB1A6F2A97001D4D0D /* CoreLocation.framework */,
				288957A51A6F2A3E001D4D0D /* WhereAmI */,
				288957BE1A6F2A3E001D4D0D /* WhereAmITests */,
				288957A41A6F2A3E001D4D0D /* Products */,
			);
			sourceTree = "<group>";
		};
		288957A41A6F2A3E001D4D0D /* Products */ = {
			isa = PBXGroup;
			children = (
				288957A31A6F2A3E001D4D0D /* WhereAmI.app */,
				288957BB1A6F2A3E001D4D0D /* WhereAmI.temp_caseinsensitive_rename.temp_caseinsensitive_rename.temp_caseinsensitive_renameTests.xctest */,
			);
			name = Products;
			sourceTree = "<group>";
		};
		288957A51A6F2A3E001D4D0D /* WhereAmI */ = {
			isa = PBXGroup;
			children = (
				288957A81A6F2A3E001D4D0D /* AppDelegate.swift */,
				288957AD1A6F2A3E001D4D0D /* ViewController.swift */,
				288957AF1A6F2A3E001D4D0D /* Main.storyboard */,
				288957FF1A707A7E001D4D0D /* TableViewController.swift */,
				288957B21A6F2A3E001D4D0D /* Images.xcassets */,
				288957B41A6F2A3E001D4D0D /* LaunchScreen.xib */,
				288957AA1A6F2A3E001D4D0D /* WhereAmI.xcdatamodeld */,
				288957A61A6F2A3E001D4D0D /* Supporting Files */,
			);
			path = WhereAmI;
			sourceTree = "<group>";
		};
		288957A61A6F2A3E001D4D0D /* Supporting Files */ = {
			isa = PBXGroup;
			children = (
				288957A71A6F2A3E001D4D0D /* Info.plist */,
			);
			name = "Supporting Files";
			sourceTree = "<group>";
		};
		288957BE1A6F2A3E001D4D0D /* WhereAmITests */ = {
			isa = PBXGroup;
			children = (
				288957C11A6F2A3E001D4D0D /* WhereAmITests.swift */,
				288957BF1A6F2A3E001D4D0D /* Supporting Files */,
			);
			path = WhereAmITests;
			sourceTree = "<group>";
		};
		288957BF1A6F2A3E001D4D0D /* Supporting Files */ = {
			isa = PBXGroup;
			children = (
				288957C01A6F2A3E001D4D0D /* Info.plist */,
			);
			name = "Supporting Files";
			sourceTree = "<group>";
		};
/* End PBXGroup section */

/* Begin PBXNativeTarget section */
		288957A21A6F2A3E001D4D0D /* WhereAmI */ = {
			isa = PBXNativeTarget;
			buildConfigurationList = 288957C51A6F2A3E001D4D0D /* Build configuration list for PBXNativeTarget "WhereAmI" */;
			buildPhases = (
				2889579F1A6F2A3E001D4D0D /* Sources */,
				288957A01A6F2A3E001D4D0D /* Frameworks */,
				288957A11A6F2A3E001D4D0D /* Resources */,
			);
			buildRules = (
			);
			dependencies = (
			);
			name = WhereAmI;
			productName = WhereAmI;
			productReference = 288957A31A6F2A3E001D4D0D /* WhereAmI.app */;
			productType = "com.apple.product-type.application";
		};
		288957BA1A6F2A3E001D4D0D /* WhereAmITests */ = {
			isa = PBXNativeTarget;
			buildConfigurationList = 288957C81A6F2A3E001D4D0D /* Build configuration list for PBXNativeTarget "WhereAmITests" */;
			buildPhases = (
				288957B71A6F2A3E001D4D0D /* Sources */,
				288957B81A6F2A3E001D4D0D /* Frameworks */,
				288957B91A6F2A3E001D4D0D /* Resources */,
			);
			buildRules = (
			);
			dependencies = (
				288957BD1A6F2A3E001D4D0D /* PBXTargetDependency */,
			);
			name = WhereAmITests;
			productName = WhereAmITests;
			productReference = 288957BB1A6F2A3E001D4D0D /* WhereAmI.temp_caseinsensitive_rename.temp_caseinsensitive_rename.temp_caseinsensitive_renameTests.xctest */;
			productType = "com.apple.product-type.bundle.unit-test";
		};
/* End PBXNativeTarget section */

/* Begin PBXProject section */
		2889579B1A6F2A3E001D4D0D /* Project object */ = {
			isa = PBXProject;
			attributes = {
				LastUpgradeCheck = 0610;
				ORGANIZATIONNAME = "Marshall Upshur";
				TargetAttributes = {
					288957A21A6F2A3E001D4D0D = {
						CreatedOnToolsVersion = 6.1.1;
					};
					288957BA1A6F2A3E001D4D0D = {
						CreatedOnToolsVersion = 6.1.1;
						TestTargetID = 288957A21A6F2A3E001D4D0D;
					};
				};
			};
			buildConfigurationList = 2889579E1A6F2A3E001D4D0D /* Build configuration list for PBXProject "Maps" */;
			compatibilityVersion = "Xcode 3.2";
			developmentRegion = English;
			hasScannedForEncodings = 0;
			knownRegions = (
				en,
				Base,
			);
			mainGroup = 2889579A1A6F2A3E001D4D0D;
			productRefGroup = 288957A41A6F2A3E001D4D0D /* Products */;
			projectDirPath = "";
			projectRoot = "";
			targets = (
				288957A21A6F2A3E001D4D0D /* WhereAmI */,
				288957BA1A6F2A3E001D4D0D /* WhereAmITests */,
			);
		};
/* End PBXProject section */

/* Begin PBXResourcesBuildPhase section */
		288957A11A6F2A3E001D4D0D /* Resources */ = {
			isa = PBXResourcesBuildPhase;
			buildActionMask = 2147483647;
			files = (
				288957B11A6F2A3E001D4D0D /* Main.storyboard in Resources */,
				288957B61A6F2A3E001D4D0D /* LaunchScreen.xib in Resources */,
				288957B31A6F2A3E001D4D0D /* Images.xcassets in Resources */,
			);
			runOnlyForDeploymentPostprocessing = 0;
		};
		288957B91A6F2A3E001D4D0D /* Resources */ = {
			isa = PBXResourcesBuildPhase;
			buildActionMask = 2147483647;
			files = (
			);
			runOnlyForDeploymentPostprocessing = 0;
		};
/* End PBXResourcesBuildPhase section */

/* Begin PBXSourcesBuildPhase section */
		2889579F1A6F2A3E001D4D0D /* Sources */ = {
			isa = PBXSourcesBuildPhase;
			buildActionMask = 2147483647;
			files = (
				288957AE1A6F2A3E001D4D0D /* ViewController.swift in Sources */,
				288957A91A6F2A3E001D4D0D /* AppDelegate.swift in Sources */,
				288957AC1A6F2A3E001D4D0D /* WhereAmI.xcdatamodeld in Sources */,
				288958001A707A7E001D4D0D /* TableViewController.swift in Sources */,
			);
			runOnlyForDeploymentPostprocessing = 0;
		};
		288957B71A6F2A3E001D4D0D /* Sources */ = {
			isa = PBXSourcesBuildPhase;
			buildActionMask = 2147483647;
			files = (
				288957C21A6F2A3E001D4D0D /* WhereAmITests.swift in Sources */,
			);
			runOnlyForDeploymentPostprocessing = 0;
		};
/* End PBXSourcesBuildPhase section */

/* Begin PBXTargetDependency section */
		288957BD1A6F2A3E001D4D0D /* PBXTargetDependency */ = {
			isa = PBXTargetDependency;
			target = 288957A21A6F2A3E001D4D0D /* WhereAmI */;
			targetProxy = 288957BC1A6F2A3E001D4D0D /* PBXContainerItemProxy */;
		};
/* End PBXTargetDependency section */

/* Begin PBXVariantGroup section */
		288957AF1A6F2A3E001D4D0D /* Main.storyboard */ = {
			isa = PBXVariantGroup;
			children = (
				288957B01A6F2A3E001D4D0D /* Base */,
			);
			name = Main.storyboard;
			sourceTree = "<group>";
		};
		288957B41A6F2A3E001D4D0D /* LaunchScreen.xib */ = {
			isa = PBXVariantGroup;
			children = (
				288957B51A6F2A3E001D4D0D /* Base */,
			);
			name = LaunchScreen.xib;
			sourceTree = "<group>";
		};
/* End PBXVariantGroup section */

/* Begin XCBuildConfiguration section */
		288957C31A6F2A3E001D4D0D /* Debug */ = {
			isa = XCBuildConfiguration;
			buildSettings = {
				ALWAYS_SEARCH_USER_PATHS = NO;
				CLANG_CXX_LANGUAGE_STANDARD = "gnu++0x";
				CLANG_CXX_LIBRARY = "libc++";
				CLANG_ENABLE_MODULES = YES;
				CLANG_ENABLE_OBJC_ARC = YES;
				CLANG_WARN_BOOL_CONVERSION = YES;
				CLANG_WARN_CONSTANT_CONVERSION = YES;
				CLANG_WARN_DIRECT_OBJC_ISA_USAGE = YES_ERROR;
				CLANG_WARN_EMPTY_BODY = YES;
				CLANG_WARN_ENUM_CONVERSION = YES;
				CLANG_WARN_INT_CONVERSION = YES;
				CLANG_WARN_OBJC_ROOT_CLASS = YES_ERROR;
				CLANG_WARN_UNREACHABLE_CODE = YES;
				CLANG_WARN__DUPLICATE_METHOD_MATCH = YES;
				"CODE_SIGN_IDENTITY[sdk=iphoneos*]" = "iPhone Developer";
				COPY_PHASE_STRIP = NO;
				ENABLE_STRICT_OBJC_MSGSEND = YES;
				GCC_C_LANGUAGE_STANDARD = gnu99;
				GCC_DYNAMIC_NO_PIC = NO;
				GCC_OPTIMIZATION_LEVEL = 0;
				GCC_PREPROCESSOR_DEFINITIONS = (
					"DEBUG=1",
					"$(inherited)",
				);
				GCC_SYMBOLS_PRIVATE_EXTERN = NO;
				GCC_WARN_64_TO_32_BIT_CONVERSION = YES;
				GCC_WARN_ABOUT_RETURN_TYPE = YES_ERROR;
				GCC_WARN_UNDECLARED_SELECTOR = YES;
				GCC_WARN_UNINITIALIZED_AUTOS = YES_AGGRESSIVE;
				GCC_WARN_UNUSED_FUNCTION = YES;
				GCC_WARN_UNUSED_VARIABLE = YES;
				IPHONEOS_DEPLOYMENT_TARGET = 8.1;
				MTL_ENABLE_DEBUG_INFO = YES;
				ONLY_ACTIVE_ARCH = YES;
				SDKROOT = iphoneos;
				SWIFT_OPTIMIZATION_LEVEL = "-Onone";
			};
			name = Debug;
		};
		288957C41A6F2A3E001D4D0D /* Release */ = {
			isa = XCBuildConfiguration;
			buildSettings = {
				ALWAYS_SEARCH_USER_PATHS = NO;
				CLANG_CXX_LANGUAGE_STANDARD = "gnu++0x";
				CLANG_CXX_LIBRARY = "libc++";
				CLANG_ENABLE_MODULES = YES;
				CLANG_ENABLE_OBJC_ARC = YES;
				CLANG_WARN_BOOL_CONVERSION = YES;
				CLANG_WARN_CONSTANT_CONVERSION = YES;
				CLANG_WARN_DIRECT_OBJC_ISA_USAGE = YES_ERROR;
				CLANG_WARN_EMPTY_BODY = YES;
				CLANG_WARN_ENUM_CONVERSION = YES;
				CLANG_WARN_INT_CONVERSION = YES;
				CLANG_WARN_OBJC_ROOT_CLASS = YES_ERROR;
				CLANG_WARN_UNREACHABLE_CODE = YES;
				CLANG_WARN__DUPLICATE_METHOD_MATCH = YES;
				"CODE_SIGN_IDENTITY[sdk=iphoneos*]" = "iPhone Developer";
				COPY_PHASE_STRIP = YES;
				ENABLE_NS_ASSERTIONS = NO;
				ENABLE_STRICT_OBJC_MSGSEND = YES;
				GCC_C_LANGUAGE_STANDARD = gnu99;
				GCC_WARN_64_TO_32_BIT_CONVERSION = YES;
				GCC_WARN_ABOUT_RETURN_TYPE = YES_ERROR;
				GCC_WARN_UNDECLARED_SELECTOR = YES;
				GCC_WARN_UNINITIALIZED_AUTOS = YES_AGGRESSIVE;
				GCC_WARN_UNUSED_FUNCTION = YES;
				GCC_WARN_UNUSED_VARIABLE = YES;
				IPHONEOS_DEPLOYMENT_TARGET = 8.1;
				MTL_ENABLE_DEBUG_INFO = NO;
				SDKROOT = iphoneos;
				VALIDATE_PRODUCT = YES;
			};
			name = Release;
		};
		288957C61A6F2A3E001D4D0D /* Debug */ = {
			isa = XCBuildConfiguration;
			buildSettings = {
				ASSETCATALOG_COMPILER_APPICON_NAME = AppIcon;
				INFOPLIST_FILE = WhereAmI/Info.plist;
				LD_RUNPATH_SEARCH_PATHS = "$(inherited) @executable_path/Frameworks";
				PRODUCT_NAME = WhereAmI;
			};
			name = Debug;
		};
		288957C71A6F2A3E001D4D0D /* Release */ = {
			isa = XCBuildConfiguration;
			buildSettings = {
				ASSETCATALOG_COMPILER_APPICON_NAME = AppIcon;
				INFOPLIST_FILE = WhereAmI/Info.plist;
				LD_RUNPATH_SEARCH_PATHS = "$(inherited) @executable_path/Frameworks";
				PRODUCT_NAME = WhereAmI;
			};
			name = Release;
		};
		288957C91A6F2A3E001D4D0D /* Debug */ = {
			isa = XCBuildConfiguration;
			buildSettings = {
				BUNDLE_LOADER = "$(TEST_HOST)";
				FRAMEWORK_SEARCH_PATHS = (
					"$(SDKROOT)/Developer/Library/Frameworks",
					"$(inherited)",
				);
				GCC_PREPROCESSOR_DEFINITIONS = (
					"DEBUG=1",
					"$(inherited)",
				);
				INFOPLIST_FILE = WhereAmITests/Info.plist;
				LD_RUNPATH_SEARCH_PATHS = "$(inherited) @executable_path/Frameworks @loader_path/Frameworks";
				PRODUCT_NAME = WhereAmI.temp_caseinsensitive_rename.temp_caseinsensitive_rename.temp_caseinsensitive_renameTests;
				TEST_HOST = "$(BUILT_PRODUCTS_DIR)/WhereAmI.app/WhereAmI";
			};
			name = Debug;
		};
		288957CA1A6F2A3E001D4D0D /* Release */ = {
			isa = XCBuildConfiguration;
			buildSettings = {
				BUNDLE_LOADER = "$(TEST_HOST)";
				FRAMEWORK_SEARCH_PATHS = (
					"$(SDKROOT)/Developer/Library/Frameworks",
					"$(inherited)",
				);
				INFOPLIST_FILE = WhereAmITests/Info.plist;
				LD_RUNPATH_SEARCH_PATHS = "$(inherited) @executable_path/Frameworks @loader_path/Frameworks";
				PRODUCT_NAME = WhereAmI.temp_caseinsensitive_rename.temp_caseinsensitive_rename.temp_caseinsensitive_renameTests;
				TEST_HOST = "$(BUILT_PRODUCTS_DIR)/WhereAmI.app/WhereAmI";
			};
			name = Release;
		};
/* End XCBuildConfiguration section */

/* Begin XCConfigurationList section */
		2889579E1A6F2A3E001D4D0D /* Build configuration list for PBXProject "Maps" */ = {
			isa = XCConfigurationList;
			buildConfigurations = (
				288957C31A6F2A3E001D4D0D /* Debug */,
				288957C41A6F2A3E001D4D0D /* Release */,
			);
			defaultConfigurationIsVisible = 0;
			defaultConfigurationName = Release;
		};
		288957C51A6F2A3E001D4D0D /* Build configuration list for PBXNativeTarget "WhereAmI" */ = {
			isa = XCConfigurationList;
			buildConfigurations = (
				288957C61A6F2A3E001D4D0D /* Debug */,
				288957C71A6F2A3E001D4D0D /* Release */,
			);
			defaultConfigurationIsVisible = 0;
			defaultConfigurationName = Release;
		};
		288957C81A6F2A3E001D4D0D /* Build configuration list for PBXNativeTarget "WhereAmITests" */ = {
			isa = XCConfigurationList;
			buildConfigurations = (
				288957C91A6F2A3E001D4D0D /* Debug */,
				288957CA1A6F2A3E001D4D0D /* Release */,
			);
			defaultConfigurationIsVisible = 0;
			defaultConfigurationName = Release;
		};
/* End XCConfigurationList section */

/* Begin XCVersionGroup section */
		288957AA1A6F2A3E001D4D0D /* WhereAmI.xcdatamodeld */ = {
			isa = XCVersionGroup;
			children = (
				288957AB1A6F2A3E001D4D0D /* WhereAmI.xcdatamodel */,
			);
			currentVersion = 288957AB1A6F2A3E001D4D0D /* WhereAmI.xcdatamodel */;
			path = WhereAmI.xcdatamodeld;
			sourceTree = "<group>";
			versionGroupType = wrapper.xcdatamodel;
		};
/* End XCVersionGroup section */
	};
	rootObject = 2889579B1A6F2A3E001D4D0D /* Project object */;
}
